{
  "name": "urbango-app",
  "version": "1.0.0",
  "lockfileVersion": 3,
  "requires": true,
  "packages": {
    "": {
      "name": "urbango-app",
      "version": "1.0.0",
      "license": "ISC",
      "dependencies": {
        "@capacitor/android": "^8.3.0",
        "@capacitor/app": "^8.1.0",
        "@capacitor/core": "^8.3.0",
        "@capacitor/geolocation": "^8.2.0",
        "@capacitor/google-maps": "^8.0.1"
      }
    },
    "node_modules/@capacitor/android": {
      "version": "8.3.0",
      "resolved": "https://registry.npmjs.org/@capacitor/android/-/android-8.3.0.tgz",
      "integrity": "sha512-EQy6ByUuKayQBJmMm/e0byJiHavqsQHrvW23BuT2GNVQvenAvipqwaePiJHzrv2PZr7A0T0+se4kgDCeROj0mQ==",
      "license": "MIT",
      "peerDependencies": {
        "@capacitor/core": "^8.3.0"
      }
    },
    "node_modules/@capacitor/app": {
      "version": "8.1.0",
      "resolved": "https://registry.npmjs.org/@capacitor/app/-/app-8.1.0.tgz",
      "integrity": "sha512-MlmttTOWHDedr/G4SrhNRxsXMqY+R75S4MM4eIgzsgCzOYhb/MpCkA5Q3nuOCfL1oHm26xjUzqZ5aupbOwdfYg==",
      "license": "MIT",
      "peerDependencies": {
        "@capacitor/core": ">=8.0.0"
      }
    },
    "node_modules/@capacitor/core": {
      "version": "8.3.0",
      "resolved": "https://registry.npmjs.org/@capacitor/core/-/core-8.3.0.tgz",
      "integrity": "sha512-S4ajn4G/fS3VJj8salxqH/3LO5PPWv1VxGKQ27OCajnDcLJjEg9VXwgMPnlypgkIOqCJ2fmQLtk8GT+BlI9/rw==",
      "license": "MIT",
      "dependencies": {
        "tslib": "^2.1.0"
      }
    },
    "node_modules/@capacitor/geolocation": {
      "version": "8.2.0",
      "resolved": "https://registry.npmjs.org/@capacitor/geolocation/-/geolocation-8.2.0.tgz",
      "integrity": "sha512-N29QcoIPmme0xSxRkm7+3hjoHp6mBAOarxecvtCCZKyOBeKiJsFUq981cezg2XWBa6fhCXJMCCjQPngKK/dIag==",
      "license": "MIT",
      "dependencies": {
        "@capacitor/synapse": "^1.0.4"
      },
      "peerDependencies": {
        "@capacitor/core": ">=8.0.0"
      }
    },
    "node_modules/@capacitor/google-maps": {
      "version": "8.0.1",
      "resolved": "https://registry.npmjs.org/@capacitor/google-maps/-/google-maps-8.0.1.tgz",
      "integrity": "sha512-XSOyanbtOeO5KrSfoJOpbcSW4EXvfdxp+SUy6umdIGFeR2WJKNnPC6isXn+zjJgJH8kblT2X4fF0dxhZV8wLBg==",
      "license": "MIT",
      "dependencies": {
        "@googlemaps/js-api-loader": "^2.0.2",
        "@googlemaps/markerclusterer": "^2.6.2",
        "@types/google.maps": "^3.58.1"
      },
      "peerDependencies": {
        "@capacitor/core": ">=8.0.0"
      }
    },
    "node_modules/@capacitor/synapse": {
      "version": "1.0.4",
      "resolved": "https://registry.npmjs.org/@capacitor/synapse/-/synapse-1.0.4.tgz",
      "integrity": "sha512-/C1FUo8/OkKuAT4nCIu/34ny9siNHr9qtFezu4kxm6GY1wNFxrCFWjfYx5C1tUhVGz3fxBABegupkpjXvjCHrw==",
      "license": "ISC"
    },
    "node_modules/@googlemaps/js-api-loader": {
      "version": "2.0.2",
      "resolved": "https://registry.npmjs.org/@googlemaps/js-api-loader/-/js-api-loader-2.0.2.tgz",
      "integrity": "sha512-bKVuTqatS8Jven5aFqVB7rCHF1VFEzpzyi0ruzO0GUR+A7m9oMqMgtnmpANj7kMYEvvhty8Fk7TnJ1MKjWHu+Q==",
      "license": "Apache-2.0",
      "dependencies": {
        "@types/google.maps": "^3.53.1"
      }
    },
    "node_modules/@googlemaps/markerclusterer": {
      "version": "2.6.2",
      "resolved": "https://registry.npmjs.org/@googlemaps/markerclusterer/-/markerclusterer-2.6.2.tgz",
      "integrity": "sha512-U6uVhq8iWhiIckA89sgRu8OK35mjd6/3CuoZKWakKEf0QmRRWpatlsPb3kqXkoWSmbcZkopRiI4dnW6DQSd7bQ==",
      "license": "Apache-2.0",
      "dependencies": {
        "@types/supercluster": "^7.1.3",
        "fast-equals": "^5.2.2",
        "supercluster": "^8.0.1"
      }
    },
    "node_modules/@types/geojson": {
      "version": "7946.0.16",
      "resolved": "https://registry.npmjs.org/@types/geojson/-/geojson-7946.0.16.tgz",
      "integrity": "sha512-6C8nqWur3j98U6+lXDfTUWIfgvZU+EumvpHKcYjujKH7woYyLj2sUmff0tRhrqM7BohUw7Pz3ZB1jj2gW9Fvmg==",
      "license": "MIT"
    },
    "node_modules/@types/google.maps": {
      "version": "3.64.0",
      "resolved": "https://registry.npmjs.org/@types/google.maps/-/google.maps-3.64.0.tgz",
      "integrity": "sha512-dN0H6tB4lgLQLovcbPXFYYOEV41TpyyJghzb5jrzjB96FZmjeOghevVdC+BMGd6YqyCqXaggyEtqRXLRjzCBZA==",
      "license": "MIT"
    },
    "node_modules/@types/supercluster": {
      "version": "7.1.3",
      "resolved": "https://registry.npmjs.org/@types/supercluster/-/supercluster-7.1.3.tgz",
      "integrity": "sha512-Z0pOY34GDFl3Q6hUFYf3HkTwKEE02e7QgtJppBt+beEAxnyOpJua+voGFvxINBHa06GwLFFym7gRPY2SiKIfIA==",
      "license": "MIT",
      "dependencies": {
        "@types/geojson": "*"
      }
    },
    "node_modules/fast-equals": {
      "version": "5.4.0",
      "resolved": "https://registry.npmjs.org/fast-equals/-/fast-equals-5.4.0.tgz",
      "integrity": "sha512-jt2DW/aNFNwke7AUd+Z+e6pz39KO5rzdbbFCg2sGafS4mk13MI7Z8O5z9cADNn5lhGODIgLwug6TZO2ctf7kcw==",
      "license": "MIT",
      "engines": {
        "node": ">=6.0.0"
      }
    },
    "node_modules/kdbush": {
      "version": "4.0.2",
      "resolved": "https://registry.npmjs.org/kdbush/-/kdbush-4.0.2.tgz",
      "integrity": "sha512-WbCVYJ27Sz8zi9Q7Q0xHC+05iwkm3Znipc2XTlrnJbsHMYktW4hPhXUE8Ys1engBrvffoSCqbil1JQAa7clRpA==",
      "license": "ISC"
    },
    "node_modules/supercluster": {
      "version": "8.0.1",
      "resolved": "https://registry.npmjs.org/supercluster/-/supercluster-8.0.1.tgz",
      "integrity": "sha512-IiOea5kJ9iqzD2t7QJq/cREyLHTtSmUT6gQsweojg9WH2sYJqZK9SswTu6jrscO6D1G5v5vYZ9ru/eq85lXeZQ==",
      "license": "ISC",
      "dependencies": {
        "kdbush": "^4.0.2"
      }
    },
    "node_modules/tslib": {
      "version": "2.8.1",
      "resolved": "https://registry.npmjs.org/tslib/-/tslib-2.8.1.tgz",
      "integrity": "sha512-oJFu94HQb+KVduSUQL7wnpmqnfmLsOA/nAh6b6EH0wCEoK0/mPeXU6c3wKDV83MkOuHPRHtSXKKU99IBazS/2w==",
      "license": "0BSD"
    }
  }
}
